
Microsoft Visual Studio Solution File, Format Version 12.00
# Visual Studio 15
VisualStudioVersion = 15.0.28307.106
MinimumVisualStudioVersion = 10.0.40219.1
Project("{9A19103F-16F7-4668-BE54-9A1E7A4F7556}") = "Akka.DI.NetCore", "src\Akka.DI.NetCore\Akka.DI.NetCore.csproj", "{FFDFFFAD-ACA7-483D-BF81-A81FF2A8EACE}"
EndProject
Global
	GlobalSection(SolutionConfigurationPlatforms) = preSolution
		Debug|Any CPU = Debug|Any CPU
		Release|Any CPU = Release|Any CPU
	EndGlobalSection
	GlobalSection(ProjectConfigurationPlatforms) = postSolution
		{FFDFFFAD-ACA7-483D-BF81-A81FF2A8EACE}.Debug|Any CPU.ActiveCfg = Debug|Any CPU
		{FFDFFFAD-ACA7-483D-BF81-A81FF2A8EACE}.Debug|Any CPU.Build.0 = Debug|Any CPU
		{FFDFFFAD-ACA7-483D-BF81-A81FF2A8EACE}.Release|Any CPU.ActiveCfg = Release|Any CPU
		{FFDFFFAD-ACA7-483D-BF81-A81FF2A8EACE}.Release|Any CPU.Build.0 = Release|Any CPU
	EndGlobalSection
	GlobalSection(SolutionProperties) = preSolution
		HideSolutionNode = FALSE
	EndGlobalSection
	GlobalSection(ExtensibilityGlobals) = postSolution
		SolutionGuid = {C9C5CB30-09A6-4732-A2A1-52F675690F86}
	EndGlobalSection
EndGlobal
